
Microsoft Visual Studio Solution File, Format Version 12.00
# Visual Studio Version 17
VisualStudioVersion = 17.4.33110.190
MinimumVisualStudioVersion = 10.0.40219.1
Project("{FAE04EC0-301F-11D3-BF4B-00C04F79EFBC}") = "CoreWebAPI", "CoreWebAPI\CoreWebAPI.csproj", "{5ED537AB-42CC-4F5F-A8CE-1B6BE3783E4A}"
EndProject
Global
	GlobalSection(SolutionConfigurationPlatforms) = preSolution
		Debug|Any CPU = Debug|Any CPU
		Release|Any CPU = Release|Any CPU
	EndGlobalSection
	GlobalSection(ProjectConfigurationPlatforms) = postSolution
		{5ED537AB-42CC-4F5F-A8CE-1B6BE3783E4A}.Debug|Any CPU.ActiveCfg = Debug|Any CPU
		{5ED537AB-42CC-4F5F-A8CE-1B6BE3783E4A}.Debug|Any CPU.Build.0 = Debug|Any CPU
		{5ED537AB-42CC-4F5F-A8CE-1B6BE3783E4A}.Release|Any CPU.ActiveCfg = Release|Any CPU
		{5ED537AB-42CC-4F5F-A8CE-1B6BE3783E4A}.Release|Any CPU.Build.0 = Release|Any CPU
	EndGlobalSection
	GlobalSection(SolutionProperties) = preSolution
		HideSolutionNode = FALSE
	EndGlobalSection
	GlobalSection(ExtensibilityGlobals) = postSolution
		SolutionGuid = {EF26169F-1A99-4352-881E-A2B8D6149004}
	EndGlobalSection
EndGlobal
